// !$*UTF8*$!
{
	archiveVersion = 1;
	classes = {
	};
	objectVersion = 46;
	objects = {

/* Begin PBXBuildFile section */
		2EDA55A11F6E6D4500AC67C8 /* AppDelegate.swift in Sources */ = {isa = PBXBuildFile; fileRef = 2EDA55A01F6E6D4500AC67C8 /* AppDelegate.swift */; };
		2EDA55A31F6E6D4500AC67C8 /* ViewController.swift in Sources */ = {isa = PBXBuildFile; fileRef = 2EDA55A21F6E6D4500AC67C8 /* ViewController.swift */; };
		2EDA55A61F6E6D4500AC67C8 /* Main.storyboard in Resources */ = {isa = PBXBuildFile; fileRef = 2EDA55A41F6E6D4500AC67C8 /* Main.storyboard */; };
		2EDA55A81F6E6D4500AC67C8 /* Assets.xcassets in Resources */ = {isa = PBXBuildFile; fileRef = 2EDA55A71F6E6D4500AC67C8 /* Assets.xcassets */; };
		2EDA55AB1F6E6D4500AC67C8 /* LaunchScreen.storyboard in Resources */ = {isa = PBXBuildFile; fileRef = 2EDA55A91F6E6D4500AC67C8 /* LaunchScreen.storyboard */; };
/* End PBXBuildFile section */

/* Begin PBXFileReference section */
		2EDA559D1F6E6D4500AC67C8 /* FirstApp.app */ = {isa = PBXFileReference; explicitFileType = wrapper.application; includeInIndex = 0; path = FirstApp.app; sourceTree = BUILT_PRODUCTS_DIR; };
		2EDA55A01F6E6D4500AC67C8 /* AppDelegate.swift */ = {isa = PBXFileReference; lastKnownFileType = sourcecode.swift; path = AppDelegate.swift; sourceTree = "<group>"; };
		2EDA55A21F6E6D4500AC67C8 /* ViewController.swift */ = {isa = PBXFileReference; lastKnownFileType = sourcecode.swift; path = ViewController.swift; sourceTree = "<group>"; };
		2EDA55A51F6E6D4500AC67C8 /* Base */ = {isa = PBXFileReference; lastKnownFileType = file.storyboard; name = Base; path = Base.lproj/Main.storyboard; sourceTree = "<group>"; };
		2EDA55A71F6E6D4500AC67C8 /* Assets.xcassets */ = {isa = PBXFileReference; lastKnownFileType = folder.assetcatalog; path = Assets.xcassets; sourceTree = "<group>"; };
		2EDA55AA1F6E6D4500AC67C8 /* Base */ = {isa = PBXFileReference; lastKnownFileType = file.storyboard; name = Base; path = Base.lproj/LaunchScreen.storyboard; sourceTree = "<group>"; };
		2EDA55AC1F6E6D4500AC67C8 /* Info.plist */ = {isa = PBXFileReference; lastKnownFileType = text.plist.xml; path = Info.plist; sourceTree = "<group>"; };
/* End PBXFileReference section */

/* Begin PBXFrameworksBuildPhase section */
		2EDA559A1F6E6D4500AC67C8 /* Frameworks */ = {
			isa = PBXFrameworksBuildPhase;
			buildActionMask = 2147483647;
			files = (
			);
			runOnlyForDeploymentPostprocessing = 0;
		};
/* End PBXFrameworksBuildPhase section */

/* Begin PBXGroup section */
		2EDA55941F6E6D4500AC67C8 = {
			isa = PBXGroup;
			children = (
				2EDA559F1F6E6D4500AC67C8 /* FirstApp */,
				2EDA559E1F6E6D4500AC67C8 /* Products */,
			);
			sourceTree = "<group>";
		};
		2EDA559E1F6E6D4500AC67C8 /* Products */ = {
			isa = PBXGroup;
			children = (
				2EDA559D1F6E6D4500AC67C8 /* FirstApp.app */,
			);
			name = Products;
			sourceTree = "<group>";
		};
		2EDA559F1F6E6D4500AC67C8 /* FirstApp */ = {
			isa = PBXGroup;
			children = (
				2EDA55A01F6E6D4500AC67C8 /* AppDelegate.swift */,
				2EDA55A21F6E6D4500AC67C8 /* ViewController.swift */,
				2EDA55A41F6E6D4500AC67C8 /* Main.storyboard */,
				2EDA55A71F6E6D4500AC67C8 /* Assets.xcassets */,
				2EDA55A91F6E6D4500AC67C8 /* LaunchScreen.storyboard */,
				2EDA55AC1F6E6D4500AC67C8 /* Info.plist */,
			);
			path = FirstApp;
			sourceTree = "<group>";
		};
/* End PBXGroup section */

/* Begin PBXNativeTarget section */
		2EDA559C1F6E6D4500AC67C8 /* FirstApp */ = {
			isa = PBXNativeTarget;
			buildConfigurationList = 2EDA55AF1F6E6D4500AC67C8 /* Build configuration list for PBXNativeTarget "FirstApp" */;
			buildPhases = (
				2EDA55991F6E6D4500AC67C8 /* Sources */,
				2EDA559A1F6E6D4500AC67C8 /* Frameworks */,
				2EDA559B1F6E6D4500AC67C8 /* Resources */,
			);
			buildRules = (
			);
			dependencies = (
			);
			name = FirstApp;
			productName = FirstApp;
			productReference = 2EDA559D1F6E6D4500AC67C8 /* FirstApp.app */;
			productType = "com.apple.product-type.application";
		};
/* End PBXNativeTarget section */

/* Begin PBXProject section */
		2EDA55951F6E6D4500AC67C8 /* Project object */ = {
			isa = PBXProject;
			attributes = {
				LastSwiftUpdateCheck = 0830;
				LastUpgradeCheck = 0830;
				ORGANIZATIONNAME = "Dang Vu Duy";
				TargetAttributes = {
					2EDA559C1F6E6D4500AC67C8 = {
						CreatedOnToolsVersion = 8.3.3;
						DevelopmentTeam = 7W2JPD3AM6;
						ProvisioningStyle = Automatic;
					};
				};
			};
			buildConfigurationList = 2EDA55981F6E6D4500AC67C8 /* Build configuration list for PBXProject "FirstApp" */;
			compatibilityVersion = "Xcode 3.2";
			developmentRegion = English;
			hasScannedForEncodings = 0;
			knownRegions = (
				en,
				Base,
			);
			mainGroup = 2EDA55941F6E6D4500AC67C8;
			productRefGroup = 2EDA559E1F6E6D4500AC67C8 /* Products */;
			projectDirPath = "";
			projectRoot = "";
			targets = (
				2EDA559C1F6E6D4500AC67C8 /* FirstApp */,
			);
		};
/* End PBXProject section */

/* Begin PBXResourcesBuildPhase section */
		2EDA559B1F6E6D4500AC67C8 /* Resources */ = {
			isa = PBXResourcesBuildPhase;
			buildActionMask = 2147483647;
			files = (
				2EDA55AB1F6E6D4500AC67C8 /* LaunchScreen.storyboard in Resources */,
				2EDA55A81F6E6D4500AC67C8 /* Assets.xcassets in Resources */,
				2EDA55A61F6E6D4500AC67C8 /* Main.storyboard in Resources */,
			);
			runOnlyForDeploymentPostprocessing = 0;
		};
/* End PBXResourcesBuildPhase section */

/* Begin PBXSourcesBuildPhase section */
		2EDA55991F6E6D4500AC67C8 /* Sources */ = {
			isa = PBXSourcesBuildPhase;
			buildActionMask = 2147483647;
			files = (
				2EDA55A31F6E6D4500AC67C8 /* ViewController.swift in Sources */,
				2EDA55A11F6E6D4500AC67C8 /* AppDelegate.swift in Sources */,
			);
			runOnlyForDeploymentPostprocessing = 0;
		};
/* End PBXSourcesBuildPhase section */

/* Begin PBXVariantGroup section */
		2EDA55A41F6E6D4500AC67C8 /* Main.storyboard */ = {
			isa = PBXVariantGroup;
			children = (
				2EDA55A51F6E6D4500AC67C8 /* Base */,
			);
			name = Main.storyboard;
			sourceTree = "<group>";
		};
		2EDA55A91F6E6D4500AC67C8 /* LaunchScreen.storyboard */ = {
			isa = PBXVariantGroup;
			children = (
				2EDA55AA1F6E6D4500AC67C8 /* Base */,
			);
			name = LaunchScreen.storyboard;
			sourceTree = "<group>";
		};
/* End PBXVariantGroup section */

/* Begin XCBuildConfiguration section */
		2EDA55AD1F6E6D4500AC67C8 /* Debug */ = {
			isa = XCBuildConfiguration;
			buildSettings = {
				ALWAYS_SEARCH_USER_PATHS = NO;
				CLANG_ANALYZER_NONNULL = YES;
				CLANG_ANALYZER_NUMBER_OBJECT_CONVERSION = YES_AGGRESSIVE;
				CLANG_CXX_LANGUAGE_STANDARD = "gnu++0x";
				CLANG_CXX_LIBRARY = "libc++";
				CLANG_ENABLE_MODULES = YES;
				CLANG_ENABLE_OBJC_ARC = YES;
				CLANG_WARN_BOOL_CONVERSION = YES;
				CLANG_WARN_CONSTANT_CONVERSION = YES;
				CLANG_WARN_DIRECT_OBJC_ISA_USAGE = YES_ERROR;
				CLANG_WARN_DOCUMENTATION_COMMENTS = YES;
				CLANG_WARN_EMPTY_BODY = YES;
				CLANG_WARN_ENUM_CONVERSION = YES;
				CLANG_WARN_INFINITE_RECURSION = YES;
				CLANG_WARN_INT_CONVERSION = YES;
				CLANG_WARN_OBJC_ROOT_CLASS = YES_ERROR;
				CLANG_WARN_SUSPICIOUS_MOVE = YES;
				CLANG_WARN_UNREACHABLE_CODE = YES;
				CLANG_WARN__DUPLICATE_METHOD_MATCH = YES;
				"CODE_SIGN_IDENTITY[sdk=iphoneos*]" = "iPhone Developer";
				COPY_PHASE_STRIP = NO;
				DEBUG_INFORMATION_FORMAT = dwarf;
				ENABLE_STRICT_OBJC_MSGSEND = YES;
				ENABLE_TESTABILITY = YES;
				GCC_C_LANGUAGE_STANDARD = gnu99;
				GCC_DYNAMIC_NO_PIC = NO;
				GCC_NO_COMMON_BLOCKS = YES;
				GCC_OPTIMIZATION_LEVEL = 0;
				GCC_PREPROCESSOR_DEFINITIONS = (
					"DEBUG=1",
					"$(inherited)",
				);
				GCC_WARN_64_TO_32_BIT_CONVERSION = YES;
				GCC_WARN_ABOUT_RETURN_TYPE = YES_ERROR;
				GCC_WARN_UNDECLARED_SELECTOR = YES;
				GCC_WARN_UNINITIALIZED_AUTOS = YES_AGGRESSIVE;
				GCC_WARN_UNUSED_FUNCTION = YES;
				GCC_WARN_UNUSED_VARIABLE = YES;
				IPHONEOS_DEPLOYMENT_TARGET = 10.3;
				MTL_ENABLE_DEBUG_INFO = YES;
				ONLY_ACTIVE_ARCH = YES;
				SDKROOT = iphoneos;
				SWIFT_ACTIVE_COMPILATION_CONDITIONS = DEBUG;
				SWIFT_OPTIMIZATION_LEVEL = "-Onone";
				TARGETED_DEVICE_FAMILY = "1,2";
			};
			name = Debug;
		};
		2EDA55AE1F6E6D4500AC67C8 /* Release */ = {
			isa = XCBuildConfiguration;
			buildSettings = {
				ALWAYS_SEARCH_USER_PATHS = NO;
				CLANG_ANALYZER_NONNULL = YES;
				CLANG_ANALYZER_NUMBER_OBJECT_CONVERSION = YES_AGGRESSIVE;
				CLANG_CXX_LANGUAGE_STANDARD = "gnu++0x";
				CLANG_CXX_LIBRARY = "libc++";
				CLANG_ENABLE_MODULES = YES;
				CLANG_ENABLE_OBJC_ARC = YES;
				CLANG_WARN_BOOL_CONVERSION = YES;
				CLANG_WARN_CONSTANT_CONVERSION = YES;
				CLANG_WARN_DIRECT_OBJC_ISA_USAGE = YES_ERROR;
				CLANG_WARN_DOCUMENTATION_COMMENTS = YES;
				CLANG_WARN_EMPTY_BODY = YES;
				CLANG_WARN_ENUM_CONVERSION = YES;
				CLANG_WARN_INFINITE_RECURSION = YES;
				CLANG_WARN_INT_CONVERSION = YES;
				CLANG_WARN_OBJC_ROOT_CLASS = YES_ERROR;
				CLANG_WARN_SUSPICIOUS_MOVE = YES;
				CLANG_WARN_UNREACHABLE_CODE = YES;
				CLANG_WARN__DUPLICATE_METHOD_MATCH = YES;
				"CODE_SIGN_IDENTITY[sdk=iphoneos*]" = "iPhone Developer";
				COPY_PHASE_STRIP = NO;
				DEBUG_INFORMATION_FORMAT = "dwarf-with-dsym";
				ENABLE_NS_ASSERTIONS = NO;
				ENABLE_STRICT_OBJC_MSGSEND = YES;
				GCC_C_LANGUAGE_STANDARD = gnu99;
				GCC_NO_COMMON_BLOCKS = YES;
				GCC_WARN_64_TO_32_BIT_CONVERSION = YES;
				GCC_WARN_ABOUT_RETURN_TYPE = YES_ERROR;
				GCC_WARN_UNDECLARED_SELECTOR = YES;
				GCC_WARN_UNINITIALIZED_AUTOS = YES_AGGRESSIVE;
				GCC_WARN_UNUSED_FUNCTION = YES;
				GCC_WARN_UNUSED_VARIABLE = YES;
				IPHONEOS_DEPLOYMENT_TARGET = 10.3;
				MTL_ENABLE_DEBUG_INFO = NO;
				SDKROOT = iphoneos;
				SWIFT_OPTIMIZATION_LEVEL = "-Owholemodule";
				TARGETED_DEVICE_FAMILY = "1,2";
				VALIDATE_PRODUCT = YES;
			};
			name = Release;
		};
		2EDA55B01F6E6D4500AC67C8 /* Debug */ = {
			isa = XCBuildConfiguration;
			buildSettings = {
				ASSETCATALOG_COMPILER_APPICON_NAME = AppIcon;
				DEVELOPMENT_TEAM = 7W2JPD3AM6;
				INFOPLIST_FILE = FirstApp/Info.plist;
				LD_RUNPATH_SEARCH_PATHS = "$(inherited) @executable_path/Frameworks";
				PRODUCT_BUNDLE_IDENTIFIER = com.igo.FirstApp;
				PRODUCT_NAME = "$(TARGET_NAME)";
				SWIFT_VERSION = 3.0;
			};
			name = Debug;
		};
		2EDA55B11F6E6D4500AC67C8 /* Release */ = {
			isa = XCBuildConfiguration;
			buildSettings = {
				ASSETCATALOG_COMPILER_APPICON_NAME = AppIcon;
				DEVELOPMENT_TEAM = 7W2JPD3AM6;
				INFOPLIST_FILE = FirstApp/Info.plist;
				LD_RUNPATH_SEARCH_PATHS = "$(inherited) @executable_path/Frameworks";
				PRODUCT_BUNDLE_IDENTIFIER = com.igo.FirstApp;
				PRODUCT_NAME = "$(TARGET_NAME)";
				SWIFT_VERSION = 3.0;
			};
			name = Release;
		};
/* End XCBuildConfiguration section */

/* Begin XCConfigurationList section */
		2EDA55981F6E6D4500AC67C8 /* Build configuration list for PBXProject "FirstApp" */ = {
			isa = XCConfigurationList;
			buildConfigurations = (
				2EDA55AD1F6E6D4500AC67C8 /* Debug */,
				2EDA55AE1F6E6D4500AC67C8 /* Release */,
			);
			defaultConfigurationIsVisible = 0;
			defaultConfigurationName = Release;
		};
		2EDA55AF1F6E6D4500AC67C8 /* Build configuration list for PBXNativeTarget "FirstApp" */ = {
			isa = XCConfigurationList;
			buildConfigurations = (
				2EDA55B01F6E6D4500AC67C8 /* Debug */,
				2EDA55B11F6E6D4500AC67C8 /* Release */,
			);
			defaultConfigurationIsVisible = 0;
		};
/* End XCConfigurationList section */
	};
	rootObject = 2EDA55951F6E6D4500AC67C8 /* Project object */;
}
